
Microsoft Visual Studio Solution File, Format Version 12.00
# Visual Studio Version 16
VisualStudioVersion = 16.0.28803.156
MinimumVisualStudioVersion = 10.0.40219.1
Project("{9A19103F-16F7-4668-BE54-9A1E7A4F7556}") = "Functional.Maybe.JsonConverter", "Functional.Maybe.JsonConverter\Functional.Maybe.JsonConverter.csproj", "{8D1C85EA-9CC5-47FD-AAA9-7514E1B96D52}"
EndProject
Project("{9A19103F-16F7-4668-BE54-9A1E7A4F7556}") = "Functional.Maybe.Just", "Functional.Maybe.Just\Functional.Maybe.Just.csproj", "{0B2A538A-5DA5-4A26-B19F-10C306DE7A12}"
EndProject
Project("{9A19103F-16F7-4668-BE54-9A1E7A4F7556}") = "Functional.Maybe.JustSpecification", "Functional.Maybe.JustSpecification\Functional.Maybe.JustSpecification.csproj", "{91375D4F-3D17-44DC-8496-E1B82A9D83BA}"
EndProject
Project("{9A19103F-16F7-4668-BE54-9A1E7A4F7556}") = "Functional.Maybe.JsonConverterSpecification", "Functional.Maybe.JsonConverterSpecification\Functional.Maybe.JsonConverterSpecification.csproj", "{3AE3343E-2BE4-48F4-B3D2-AEAEC8D41F39}"
EndProject
Global
	GlobalSection(SolutionConfigurationPlatforms) = preSolution
		Debug|Any CPU = Debug|Any CPU
		Release|Any CPU = Release|Any CPU
	EndGlobalSection
	GlobalSection(ProjectConfigurationPlatforms) = postSolution
		{8D1C85EA-9CC5-47FD-AAA9-7514E1B96D52}.Debug|Any CPU.ActiveCfg = Debug|Any CPU
		{8D1C85EA-9CC5-47FD-AAA9-7514E1B96D52}.Debug|Any CPU.Build.0 = Debug|Any CPU
		{8D1C85EA-9CC5-47FD-AAA9-7514E1B96D52}.Release|Any CPU.ActiveCfg = Release|Any CPU
		{8D1C85EA-9CC5-47FD-AAA9-7514E1B96D52}.Release|Any CPU.Build.0 = Release|Any CPU
		{0B2A538A-5DA5-4A26-B19F-10C306DE7A12}.Debug|Any CPU.ActiveCfg = Debug|Any CPU
		{0B2A538A-5DA5-4A26-B19F-10C306DE7A12}.Debug|Any CPU.Build.0 = Debug|Any CPU
		{0B2A538A-5DA5-4A26-B19F-10C306DE7A12}.Release|Any CPU.ActiveCfg = Release|Any CPU
		{0B2A538A-5DA5-4A26-B19F-10C306DE7A12}.Release|Any CPU.Build.0 = Release|Any CPU
		{91375D4F-3D17-44DC-8496-E1B82A9D83BA}.Debug|Any CPU.ActiveCfg = Debug|Any CPU
		{91375D4F-3D17-44DC-8496-E1B82A9D83BA}.Debug|Any CPU.Build.0 = Debug|Any CPU
		{91375D4F-3D17-44DC-8496-E1B82A9D83BA}.Release|Any CPU.ActiveCfg = Release|Any CPU
		{91375D4F-3D17-44DC-8496-E1B82A9D83BA}.Release|Any CPU.Build.0 = Release|Any CPU
		{3AE3343E-2BE4-48F4-B3D2-AEAEC8D41F39}.Debug|Any CPU.ActiveCfg = Debug|Any CPU
		{3AE3343E-2BE4-48F4-B3D2-AEAEC8D41F39}.Debug|Any CPU.Build.0 = Debug|Any CPU
		{3AE3343E-2BE4-48F4-B3D2-AEAEC8D41F39}.Release|Any CPU.ActiveCfg = Release|Any CPU
		{3AE3343E-2BE4-48F4-B3D2-AEAEC8D41F39}.Release|Any CPU.Build.0 = Release|Any CPU
	EndGlobalSection
	GlobalSection(SolutionProperties) = preSolution
		HideSolutionNode = FALSE
	EndGlobalSection
	GlobalSection(ExtensibilityGlobals) = postSolution
		SolutionGuid = {526622ED-1942-4D47-ABE4-3F88D4FEE7B0}
	EndGlobalSection
EndGlobal
